{
    "_meta": {
        "hash": {
            "sha256": "a13522893c65b509ec23abe13a29782db0bd3321f776e8edeca511d97ee37b42"
        },
        "pipfile-spec": 6,
        "requires": {
            "python_version": "3.10"
        },
        "sources": [
            {
                "name": "pypi",
                "url": "https://pypi.org/simple",
                "verify_ssl": true
            }
        ]
    },
    "default": {
        "evdev": {
            "hashes": [
                "sha256:ecfa01b5c84f7e8c6ced3367ac95288f43cd84efbfd7dd7d0cdbfc0d18c87a6a"
            ],
            "markers": "'linux' in sys_platform",
            "version": "==1.6.0"
        },
        "maskpass": {
            "hashes": [
                "sha256:9f31ba4e7a3d24560f24bf156352db415a91dd48b0bb071a30d1dade99440095",
                "sha256:fd04a2cbd64562ad0cee333d0a798cf58be76826dad50ebf968ffedc994752c0"
            ],
            "index": "pypi",
            "version": "==0.3.6"
        },
        "pynput": {
            "hashes": [
                "sha256:19861b2a0c430d646489852f89500e0c9332e295f2c020e7c2775e7046aa2e2f",
                "sha256:264429fbe676e98e9050ad26a7017453bdd08768adb25cafb918347cf9f1eb4a",
                "sha256:3a5726546da54116b687785d38b1db56997ce1d28e53e8d22fc656d8b92e533c"
            ],
            "version": "==1.7.6"
        },
        "python-xlib": {
            "hashes": [
                "sha256:1ec6ce0de73d9e6592ead666779a5732b384e5b8fb1f1886bd0a81cafa477759",
                "sha256:74d83a081f532bc07f6d7afcd6416ec38403d68f68b9b9dc9e1f28fbf2d799e9"
            ],
            "markers": "'linux' in sys_platform",
            "version": "==0.31"
        },
        "six": {
            "hashes": [
                "sha256:1e61c37477a1626458e36f7b1d82aa5c9b094fa4802892072e49de9c60c4c926",
                "sha256:8abb2f1d86890a2dfb989f9a77cfcfd3e47c2a354b01111771326f8aa26e0254"
            ],
            "markers": "python_version >= '2.7' and python_version not in '3.0, 3.1, 3.2'",
            "version": "==1.16.0"
        }
    },
    "develop": {}
}
